
Microsoft Visual Studio Solution File, Format Version 12.00
# Visual Studio Version 17
VisualStudioVersion = 17.6.33829.357
MinimumVisualStudioVersion = 10.0.40219.1
Project("{FAE04EC0-301F-11D3-BF4B-00C04F79EFBC}") = "WindowsServiceChechWeb", "WindowsServiceChechWeb.csproj", "{86271A78-3FBB-48B7-B590-0495F42A1EFA}"
EndProject
Global
	GlobalSection(SolutionConfigurationPlatforms) = preSolution
		Debug|Any CPU = Debug|Any CPU
		Release|Any CPU = Release|Any CPU
	EndGlobalSection
	GlobalSection(ProjectConfigurationPlatforms) = postSolution
		{86271A78-3FBB-48B7-B590-0495F42A1EFA}.Debug|Any CPU.ActiveCfg = Debug|Any CPU
		{86271A78-3FBB-48B7-B590-0495F42A1EFA}.Debug|Any CPU.Build.0 = Debug|Any CPU
		{86271A78-3FBB-48B7-B590-0495F42A1EFA}.Release|Any CPU.ActiveCfg = Release|Any CPU
		{86271A78-3FBB-48B7-B590-0495F42A1EFA}.Release|Any CPU.Build.0 = Release|Any CPU
	EndGlobalSection
	GlobalSection(SolutionProperties) = preSolution
		HideSolutionNode = FALSE
	EndGlobalSection
	GlobalSection(ExtensibilityGlobals) = postSolution
		SolutionGuid = {4D820FAA-967C-49C8-8B34-2A3464617084}
	EndGlobalSection
EndGlobal
